{
  "name": "wj-issue-flexgrid-scrollbar",
  "version": "1.0.0",
  "lockfileVersion": 3,
  "requires": true,
  "packages": {
    "": {
      "name": "wj-issue-flexgrid-scrollbar",
      "version": "1.0.0",
      "dependencies": {
        "@grapecity/wijmo.purejs.all": "5.20231"
      },
      "devDependencies": {
        "typescript": "^5.3.3",
        "vite": "^5.0.10"
      }
    },
    "node_modules/@esbuild/android-arm": {
      "version": "0.19.9",
      "resolved": "https://registry.npmjs.org/@esbuild/android-arm/-/android-arm-0.19.9.tgz",
      "integrity": "sha512-jkYjjq7SdsWuNI6b5quymW0oC83NN5FdRPuCbs9HZ02mfVdAP8B8eeqLSYU3gb6OJEaY5CQabtTFbqBf26H3GA==",
      "cpu": [
        "arm"
      ],
      "dev": true,
      "optional": true,
      "os": [
        "android"
      ],
      "engines": {
        "node": ">=12"
      }
    },
    "node_modules/@esbuild/android-arm64": {
      "version": "0.19.9",
      "resolved": "https://registry.npmjs.org/@esbuild/android-arm64/-/android-arm64-0.19.9.tgz",
      "integrity": "sha512-q4cR+6ZD0938R19MyEW3jEsMzbb/1rulLXiNAJQADD/XYp7pT+rOS5JGxvpRW8dFDEfjW4wLgC/3FXIw4zYglQ==",
      "cpu": [
        "arm64"
      ],
      "dev": true,
      "optional": true,
      "os": [
        "android"
      ],
      "engines": {
        "node": ">=12"
      }
    },
    "node_modules/@esbuild/android-x64": {
      "version": "0.19.9",
      "resolved": "https://registry.npmjs.org/@esbuild/android-x64/-/android-x64-0.19.9.tgz",
      "integrity": "sha512-KOqoPntWAH6ZxDwx1D6mRntIgZh9KodzgNOy5Ebt9ghzffOk9X2c1sPwtM9P+0eXbefnDhqYfkh5PLP5ULtWFA==",
      "cpu": [
        "x64"
      ],
      "dev": true,
      "optional": true,
      "os": [
        "android"
      ],
      "engines": {
        "node": ">=12"
      }
    },
    "node_modules/@esbuild/darwin-arm64": {
      "version": "0.19.9",
      "resolved": "https://registry.npmjs.org/@esbuild/darwin-arm64/-/darwin-arm64-0.19.9.tgz",
      "integrity": "sha512-KBJ9S0AFyLVx2E5D8W0vExqRW01WqRtczUZ8NRu+Pi+87opZn5tL4Y0xT0mA4FtHctd0ZgwNoN639fUUGlNIWw==",
      "cpu": [
        "arm64"
      ],
      "dev": true,
      "optional": true,
      "os": [
        "darwin"
      ],
      "engines": {
        "node": ">=12"
      }
    },
    "node_modules/@esbuild/darwin-x64": {
      "version": "0.19.9",
      "resolved": "https://registry.npmjs.org/@esbuild/darwin-x64/-/darwin-x64-0.19.9.tgz",
      "integrity": "sha512-vE0VotmNTQaTdX0Q9dOHmMTao6ObjyPm58CHZr1UK7qpNleQyxlFlNCaHsHx6Uqv86VgPmR4o2wdNq3dP1qyDQ==",
      "cpu": [
        "x64"
      ],
      "dev": true,
      "optional": true,
      "os": [
        "darwin"
      ],
      "engines": {
        "node": ">=12"
      }
    },
    "node_modules/@esbuild/freebsd-arm64": {
      "version": "0.19.9",
      "resolved": "https://registry.npmjs.org/@esbuild/freebsd-arm64/-/freebsd-arm64-0.19.9.tgz",
      "integrity": "sha512-uFQyd/o1IjiEk3rUHSwUKkqZwqdvuD8GevWF065eqgYfexcVkxh+IJgwTaGZVu59XczZGcN/YMh9uF1fWD8j1g==",
      "cpu": [
        "arm64"
      ],
      "dev": true,
      "optional": true,
      "os": [
        "freebsd"
      ],
      "engines": {
        "node": ">=12"
      }
    },
    "node_modules/@esbuild/freebsd-x64": {
      "version": "0.19.9",
      "resolved": "https://registry.npmjs.org/@esbuild/freebsd-x64/-/freebsd-x64-0.19.9.tgz",
      "integrity": "sha512-WMLgWAtkdTbTu1AWacY7uoj/YtHthgqrqhf1OaEWnZb7PQgpt8eaA/F3LkV0E6K/Lc0cUr/uaVP/49iE4M4asA==",
      "cpu": [
        "x64"
      ],
      "dev": true,
      "optional": true,
      "os": [
        "freebsd"
      ],
      "engines": {
        "node": ">=12"
      }
    },
    "node_modules/@esbuild/linux-arm": {
      "version": "0.19.9",
      "resolved": "https://registry.npmjs.org/@esbuild/linux-arm/-/linux-arm-0.19.9.tgz",
      "integrity": "sha512-C/ChPohUYoyUaqn1h17m/6yt6OB14hbXvT8EgM1ZWaiiTYz7nWZR0SYmMnB5BzQA4GXl3BgBO1l8MYqL/He3qw==",
      "cpu": [
        "arm"
      ],
      "dev": true,
      "optional": true,
      "os": [
        "linux"
      ],
      "engines": {
        "node": ">=12"
      }
    },
    "node_modules/@esbuild/linux-arm64": {
      "version": "0.19.9",
      "resolved": "https://registry.npmjs.org/@esbuild/linux-arm64/-/linux-arm64-0.19.9.tgz",
      "integrity": "sha512-PiPblfe1BjK7WDAKR1Cr9O7VVPqVNpwFcPWgfn4xu0eMemzRp442hXyzF/fSwgrufI66FpHOEJk0yYdPInsmyQ==",
      "cpu": [
        "arm64"
      ],
      "dev": true,
      "optional": true,
      "os": [
        "linux"
      ],
      "engines": {
        "node": ">=12"
      }
    },
    "node_modules/@esbuild/linux-ia32": {
      "version": "0.19.9",
      "resolved": "https://registry.npmjs.org/@esbuild/linux-ia32/-/linux-ia32-0.19.9.tgz",
      "integrity": "sha512-f37i/0zE0MjDxijkPSQw1CO/7C27Eojqb+r3BbHVxMLkj8GCa78TrBZzvPyA/FNLUMzP3eyHCVkAopkKVja+6Q==",
      "cpu": [
        "ia32"
      ],
      "dev": true,
      "optional": true,
      "os": [
        "linux"
      ],
      "engines": {
        "node": ">=12"
      }
    },
    "node_modules/@esbuild/linux-loong64": {
      "version": "0.19.9",
      "resolved": "https://registry.npmjs.org/@esbuild/linux-loong64/-/linux-loong64-0.19.9.tgz",
      "integrity": "sha512-t6mN147pUIf3t6wUt3FeumoOTPfmv9Cc6DQlsVBpB7eCpLOqQDyWBP1ymXn1lDw4fNUSb/gBcKAmvTP49oIkaA==",
      "cpu": [
        "loong64"
      ],
      "dev": true,
      "optional": true,
      "os": [
        "linux"
      ],
      "engines": {
        "node": ">=12"
      }
    },
    "node_modules/@esbuild/linux-mips64el": {
      "version": "0.19.9",
      "resolved": "https://registry.npmjs.org/@esbuild/linux-mips64el/-/linux-mips64el-0.19.9.tgz",
      "integrity": "sha512-jg9fujJTNTQBuDXdmAg1eeJUL4Jds7BklOTkkH80ZgQIoCTdQrDaHYgbFZyeTq8zbY+axgptncko3v9p5hLZtw==",
      "cpu": [
        "mips64el"
      ],
      "dev": true,
      "optional": true,
      "os": [
        "linux"
      ],
      "engines": {
        "node": ">=12"
      }
    },
    "node_modules/@esbuild/linux-ppc64": {
      "version": "0.19.9",
      "resolved": "https://registry.npmjs.org/@esbuild/linux-ppc64/-/linux-ppc64-0.19.9.tgz",
      "integrity": "sha512-tkV0xUX0pUUgY4ha7z5BbDS85uI7ABw3V1d0RNTii7E9lbmV8Z37Pup2tsLV46SQWzjOeyDi1Q7Wx2+QM8WaCQ==",
      "cpu": [
        "ppc64"
      ],
      "dev": true,
      "optional": true,
      "os": [
        "linux"
      ],
      "engines": {
        "node": ">=12"
      }
    },
    "node_modules/@esbuild/linux-riscv64": {
      "version": "0.19.9",
      "resolved": "https://registry.npmjs.org/@esbuild/linux-riscv64/-/linux-riscv64-0.19.9.tgz",
      "integrity": "sha512-DfLp8dj91cufgPZDXr9p3FoR++m3ZJ6uIXsXrIvJdOjXVREtXuQCjfMfvmc3LScAVmLjcfloyVtpn43D56JFHg==",
      "cpu": [
        "riscv64"
      ],
      "dev": true,
      "optional": true,
      "os": [
        "linux"
      ],
      "engines": {
        "node": ">=12"
      }
    },
    "node_modules/@esbuild/linux-s390x": {
      "version": "0.19.9",
      "resolved": "https://registry.npmjs.org/@esbuild/linux-s390x/-/linux-s390x-0.19.9.tgz",
      "integrity": "sha512-zHbglfEdC88KMgCWpOl/zc6dDYJvWGLiUtmPRsr1OgCViu3z5GncvNVdf+6/56O2Ca8jUU+t1BW261V6kp8qdw==",
      "cpu": [
        "s390x"
      ],
      "dev": true,
      "optional": true,
      "os": [
        "linux"
      ],
      "engines": {
        "node": ">=12"
      }
    },
    "node_modules/@esbuild/linux-x64": {
      "version": "0.19.9",
      "resolved": "https://registry.npmjs.org/@esbuild/linux-x64/-/linux-x64-0.19.9.tgz",
      "integrity": "sha512-JUjpystGFFmNrEHQnIVG8hKwvA2DN5o7RqiO1CVX8EN/F/gkCjkUMgVn6hzScpwnJtl2mPR6I9XV1oW8k9O+0A==",
      "cpu": [
        "x64"
      ],
      "dev": true,
      "optional": true,
      "os": [
        "linux"
      ],
      "engines": {
        "node": ">=12"
      }
    },
    "node_modules/@esbuild/netbsd-x64": {
      "version": "0.19.9",
      "resolved": "https://registry.npmjs.org/@esbuild/netbsd-x64/-/netbsd-x64-0.19.9.tgz",
      "integrity": "sha512-GThgZPAwOBOsheA2RUlW5UeroRfESwMq/guy8uEe3wJlAOjpOXuSevLRd70NZ37ZrpO6RHGHgEHvPg1h3S1Jug==",
      "cpu": [
        "x64"
      ],
      "dev": true,
      "optional": true,
      "os": [
        "netbsd"
      ],
      "engines": {
        "node": ">=12"
      }
    },
    "node_modules/@esbuild/openbsd-x64": {
      "version": "0.19.9",
      "resolved": "https://registry.npmjs.org/@esbuild/openbsd-x64/-/openbsd-x64-0.19.9.tgz",
      "integrity": "sha512-Ki6PlzppaFVbLnD8PtlVQfsYw4S9n3eQl87cqgeIw+O3sRr9IghpfSKY62mggdt1yCSZ8QWvTZ9jo9fjDSg9uw==",
      "cpu": [
        "x64"
      ],
      "dev": true,
      "optional": true,
      "os": [
        "openbsd"
      ],
      "engines": {
        "node": ">=12"
      }
    },
    "node_modules/@esbuild/sunos-x64": {
      "version": "0.19.9",
      "resolved": "https://registry.npmjs.org/@esbuild/sunos-x64/-/sunos-x64-0.19.9.tgz",
      "integrity": "sha512-MLHj7k9hWh4y1ddkBpvRj2b9NCBhfgBt3VpWbHQnXRedVun/hC7sIyTGDGTfsGuXo4ebik2+3ShjcPbhtFwWDw==",
      "cpu": [
        "x64"
      ],
      "dev": true,
      "optional": true,
      "os": [
        "sunos"
      ],
      "engines": {
        "node": ">=12"
      }
    },
    "node_modules/@esbuild/win32-arm64": {
      "version": "0.19.9",
      "resolved": "https://registry.npmjs.org/@esbuild/win32-arm64/-/win32-arm64-0.19.9.tgz",
      "integrity": "sha512-GQoa6OrQ8G08guMFgeXPH7yE/8Dt0IfOGWJSfSH4uafwdC7rWwrfE6P9N8AtPGIjUzdo2+7bN8Xo3qC578olhg==",
      "cpu": [
        "arm64"
      ],
      "dev": true,
      "optional": true,
      "os": [
        "win32"
      ],
      "engines": {
        "node": ">=12"
      }
    },
    "node_modules/@esbuild/win32-ia32": {
      "version": "0.19.9",
      "resolved": "https://registry.npmjs.org/@esbuild/win32-ia32/-/win32-ia32-0.19.9.tgz",
      "integrity": "sha512-UOozV7Ntykvr5tSOlGCrqU3NBr3d8JqPes0QWN2WOXfvkWVGRajC+Ym0/Wj88fUgecUCLDdJPDF0Nna2UK3Qtg==",
      "cpu": [
        "ia32"
      ],
      "dev": true,
      "optional": true,
      "os": [
        "win32"
      ],
      "engines": {
        "node": ">=12"
      }
    },
    "node_modules/@esbuild/win32-x64": {
      "version": "0.19.9",
      "resolved": "https://registry.npmjs.org/@esbuild/win32-x64/-/win32-x64-0.19.9.tgz",
      "integrity": "sha512-oxoQgglOP7RH6iasDrhY+R/3cHrfwIDvRlT4CGChflq6twk8iENeVvMJjmvBb94Ik1Z+93iGO27err7w6l54GQ==",
      "cpu": [
        "x64"
      ],
      "dev": true,
      "optional": true,
      "os": [
        "win32"
      ],
      "engines": {
        "node": ">=12"
      }
    },
    "node_modules/@grapecity/wijmo": {
      "version": "5.20231.904",
      "resolved": "https://registry.npmjs.org/@grapecity/wijmo/-/wijmo-5.20231.904.tgz",
      "integrity": "sha512-nZUEso1/rUrbLUMXdP+JWyfPdUJeiBxyyiieRSLa9sNpjSytIoGR7heIyO5zaKyn4IomYy48YvMNgv6a1WRPdg==",
      "dependencies": {
        "@grapecity/wijmo.styles": "5.20231.904"
      }
    },
    "node_modules/@grapecity/wijmo.barcode": {
      "version": "5.20231.904",
      "resolved": "https://registry.npmjs.org/@grapecity/wijmo.barcode/-/wijmo.barcode-5.20231.904.tgz",
      "integrity": "sha512-TC7HT86kEtqYiTfrvwBRrVakkGeN6zP/9CB3jx8EY6LEXR9Ml1ATJJUo+tZq2lef23MvFjTrieX8kVPHNKNyPQ==",
      "dependencies": {
        "@grapecity/wijmo": "5.20231.904"
      }
    },
    "node_modules/@grapecity/wijmo.barcode.common": {
      "version": "5.20231.904",
      "resolved": "https://registry.npmjs.org/@grapecity/wijmo.barcode.common/-/wijmo.barcode.common-5.20231.904.tgz",
      "integrity": "sha512-hoO5695rQfThH2hez4eiRp1TxNZhe3ZPB8E5t9v4u86gfEW8S1yuDHy/yB38ImllZ/c8DQXRuwOFDFDwCV1yDw==",
      "dependencies": {
        "@grapecity/wijmo": "5.20231.904",
        "@grapecity/wijmo.barcode": "5.20231.904"
      }
    },
    "node_modules/@grapecity/wijmo.barcode.composite": {
      "version": "5.20231.904",
      "resolved": "https://registry.npmjs.org/@grapecity/wijmo.barcode.composite/-/wijmo.barcode.composite-5.20231.904.tgz",
      "integrity": "sha512-TOT+1ss/aJvQt0MOYzK/4s7qaNS379cLZWyELNJCd77DnNiHDXlZx8BDzX+aAOI/xjR9Dg3ZLVXI29qQZFP8Lg==",
      "dependencies": {
        "@grapecity/wijmo": "5.20231.904",
        "@grapecity/wijmo.barcode": "5.20231.904"
      }
    },
    "node_modules/@grapecity/wijmo.barcode.specialized": {
      "version": "5.20231.904",
      "resolved": "https://registry.npmjs.org/@grapecity/wijmo.barcode.specialized/-/wijmo.barcode.specialized-5.20231.904.tgz",
      "integrity": "sha512-Lmmtyw3rGLnj7pp2ZiYKWit2G/H5j+Ml74i25epn6I99Gd8+KT3DJKBdJ6l/UloLIYAdqWHzbWH5+m9/lbj8WA==",
      "dependencies": {
        "@grapecity/wijmo": "5.20231.904",
        "@grapecity/wijmo.barcode": "5.20231.904"
      }
    },
    "node_modules/@grapecity/wijmo.chart": {
      "version": "5.20231.904",
      "resolved": "https://registry.npmjs.org/@grapecity/wijmo.chart/-/wijmo.chart-5.20231.904.tgz",
      "integrity": "sha512-sbYmf43S9O7I9uWB7/iGHJx30QMtiz6aC7dGaMbGjOXXxP2NUPkE8NxSb5LKpAR8drBwyIZwm5UDgeaePuuuow==",
      "dependencies": {
        "@grapecity/wijmo": "5.20231.904"
      }
    },
    "node_modules/@grapecity/wijmo.chart.analytics": {
      "version": "5.20231.904",
      "resolved": "https://registry.npmjs.org/@grapecity/wijmo.chart.analytics/-/wijmo.chart.analytics-5.20231.904.tgz",
      "integrity": "sha512-X35uoqkQ2/qNSLdiiLe77S5bsRTl5UQ7wXUO5K9l2Bf1nVEd5/HGusKt/X2k2n4+WyBwMsypAl3Cb82udB3cGA==",
      "dependencies": {
        "@grapecity/wijmo": "5.20231.904",
        "@grapecity/wijmo.chart": "5.20231.904"
      }
    },
    "node_modules/@grapecity/wijmo.chart.animation": {
      "version": "5.20231.904",
      "resolved": "https://registry.npmjs.org/@grapecity/wijmo.chart.animation/-/wijmo.chart.animation-5.20231.904.tgz",
      "integrity": "sha512-uedDgdlJHRdnRpRKMP1mo+MyDBGsvKeS/tSV+irnQbqlwoa1T5IK7E291464WZE7Ri1YtDvKmQ04SdggNQTljQ==",
      "dependencies": {
        "@grapecity/wijmo": "5.20231.904",
        "@grapecity/wijmo.chart": "5.20231.904"
      }
    },
    "node_modules/@grapecity/wijmo.chart.annotation": {
      "version": "5.20231.904",
      "resolved": "https://registry.npmjs.org/@grapecity/wijmo.chart.annotation/-/wijmo.chart.annotation-5.20231.904.tgz",
      "integrity": "sha512-gvrmEVMJZnxVwkarg3r+EhSBKEVa4ueII1nMuKv64uPIiontAzutTzjngqQw5pLDEHR2TXkTqPMDeSCcstFXfg==",
      "dependencies": {
        "@grapecity/wijmo": "5.20231.904",
        "@grapecity/wijmo.chart": "5.20231.904"
      }
    },
    "node_modules/@grapecity/wijmo.chart.finance": {
      "version": "5.20231.904",
      "resolved": "https://registry.npmjs.org/@grapecity/wijmo.chart.finance/-/wijmo.chart.finance-5.20231.904.tgz",
      "integrity": "sha512-5gGv1WGpmS/9GyianPzhwk2YFRtYqaeCkkVB3pFrkIaFRg4liXMoSjNpthSuqM/t1PNK5vBXs+x2XCwvAwKkpw==",
      "dependencies": {
        "@grapecity/wijmo": "5.20231.904",
        "@grapecity/wijmo.chart": "5.20231.904"
      }
    },
    "node_modules/@grapecity/wijmo.chart.finance.analytics": {
      "version": "5.20231.904",
      "resolved": "https://registry.npmjs.org/@grapecity/wijmo.chart.finance.analytics/-/wijmo.chart.finance.analytics-5.20231.904.tgz",
      "integrity": "sha512-3KTO2WsvtVjB5XiX/UYrFnth0YHxhsXzQWJPPpHE3fMe3z4S8EnXDGZMVhnw+EnfNtRwY3EDG5iyjwnUdPNaWg==",
      "dependencies": {
        "@grapecity/wijmo": "5.20231.904",
        "@grapecity/wijmo.chart": "5.20231.904",
        "@grapecity/wijmo.chart.finance": "5.20231.904"
      }
    },
    "node_modules/@grapecity/wijmo.chart.hierarchical": {
      "version": "5.20231.904",
      "resolved": "https://registry.npmjs.org/@grapecity/wijmo.chart.hierarchical/-/wijmo.chart.hierarchical-5.20231.904.tgz",
      "integrity": "sha512-vrVk+j3fow+TWshKPwfSFMYaMoah0YSxcHdJiGZX+MeMe7J+Zae3Ry4p8blmNyDXtHYr/73k2gYGnnB3R+3dDw==",
      "dependencies": {
        "@grapecity/wijmo": "5.20231.904",
        "@grapecity/wijmo.chart": "5.20231.904"
      }
    },
    "node_modules/@grapecity/wijmo.chart.interaction": {
      "version": "5.20231.904",
      "resolved": "https://registry.npmjs.org/@grapecity/wijmo.chart.interaction/-/wijmo.chart.interaction-5.20231.904.tgz",
      "integrity": "sha512-xTX93xOvAnVY3v/li+eCujYpwV+PnXMDu0kWq7zF0qGQEo/Jt9n1tQ/eTPjL+pLpX9mTru0vB0Es/GPJFnhqtQ==",
      "dependencies": {
        "@grapecity/wijmo": "5.20231.904",
        "@grapecity/wijmo.chart": "5.20231.904"
      }
    },
    "node_modules/@grapecity/wijmo.chart.map": {
      "version": "5.20231.904",
      "resolved": "https://registry.npmjs.org/@grapecity/wijmo.chart.map/-/wijmo.chart.map-5.20231.904.tgz",
      "integrity": "sha512-Y/re65VcIuK/ezLrTKsyrhW4E4BrOHjLowxLNVYeACnLkCLrzzyQkPsqnL8BPEoRCA63Djk33mAv7uNc1To/IQ==",
      "dependencies": {
        "@grapecity/wijmo": "5.20231.904",
        "@grapecity/wijmo.chart": "5.20231.904"
      }
    },
    "node_modules/@grapecity/wijmo.chart.radar": {
      "version": "5.20231.904",
      "resolved": "https://registry.npmjs.org/@grapecity/wijmo.chart.radar/-/wijmo.chart.radar-5.20231.904.tgz",
      "integrity": "sha512-dTsuUglSy7T3HGmQG9jO3oNNuQ+LnWbm8NBg+n1Grn5fK9XKXSjQzQk2ckNC/3TAh/qNIXX6213qfxejEczuXg==",
      "dependencies": {
        "@grapecity/wijmo": "5.20231.904",
        "@grapecity/wijmo.chart": "5.20231.904"
      }
    },
    "node_modules/@grapecity/wijmo.chart.render": {
      "version": "5.20231.904",
      "resolved": "https://registry.npmjs.org/@grapecity/wijmo.chart.render/-/wijmo.chart.render-5.20231.904.tgz",
      "integrity": "sha512-SqhlS6xqk/8PfzSp6GojI3Nd6RVESKhk7j39SS9atFBmewAms4TmHsE3V6obQE5KSSa4ZwKMn94YgYSColwDYA==",
      "dependencies": {
        "@grapecity/wijmo": "5.20231.904",
        "@grapecity/wijmo.chart": "5.20231.904"
      }
    },
    "node_modules/@grapecity/wijmo.chart.webgl": {
      "version": "5.20231.904",
      "resolved": "https://registry.npmjs.org/@grapecity/wijmo.chart.webgl/-/wijmo.chart.webgl-5.20231.904.tgz",
      "integrity": "sha512-HBIbkHPBUbINd0NlhQvtM7uVnoaH98eIGRbpNTczNaQLKkDaKwcwrHpSwqzSeQ1oaXoQuTqJkPLsSKFSm9a6KA==",
      "dependencies": {
        "@grapecity/wijmo": "5.20231.904",
        "@grapecity/wijmo.chart": "5.20231.904"
      }
    },
    "node_modules/@grapecity/wijmo.cloud": {
      "version": "5.20231.904",
      "resolved": "https://registry.npmjs.org/@grapecity/wijmo.cloud/-/wijmo.cloud-5.20231.904.tgz",
      "integrity": "sha512-yWpZd8SY/JJpcBUtF9I0v92mKxhVlzOsEz2vIz4Vm473wlrsUdxIUDDKSMgUgO9UQPqVAjmmiDsUrFw+F/wy/w==",
      "dependencies": {
        "@grapecity/wijmo": "5.20231.904",
        "@grapecity/wijmo.grid": "5.20231.904",
        "@grapecity/wijmo.grid.filter": "5.20231.904"
      }
    },
    "node_modules/@grapecity/wijmo.cultures": {
      "version": "5.20231.904",
      "resolved": "https://registry.npmjs.org/@grapecity/wijmo.cultures/-/wijmo.cultures-5.20231.904.tgz",
      "integrity": "sha512-QnRXJ2pJwNlv9Q0VWhmD2qCmhdFAUeoe1JT6ONZ8MJ1iQ7GOZzGEqPf27P8r1HgY7C6VHGaQ+9SRYBwXsbswkg=="
    },
    "node_modules/@grapecity/wijmo.gauge": {
      "version": "5.20231.904",
      "resolved": "https://registry.npmjs.org/@grapecity/wijmo.gauge/-/wijmo.gauge-5.20231.904.tgz",
      "integrity": "sha512-hGZL2IrRVc5nQGFsQ8mQ/sxgo/HlvqRPmzNm4TxCaaomr+VwPdeCb2N3xMP7+QrpJFqAiyECN3UYQohlWOf60A==",
      "dependencies": {
        "@grapecity/wijmo": "5.20231.904"
      }
    },
    "node_modules/@grapecity/wijmo.grid": {
      "version": "5.20231.904",
      "resolved": "https://registry.npmjs.org/@grapecity/wijmo.grid/-/wijmo.grid-5.20231.904.tgz",
      "integrity": "sha512-H0++Hf4c458yaOJqp3XlbQBSvM/znW0PJKZ0FyhwpDBudX8M8/fMHpqyM39NWPffHeJqXICBh967sNLOdjWLng==",
      "dependencies": {
        "@grapecity/wijmo": "5.20231.904",
        "@grapecity/wijmo.input": "5.20231.904"
      }
    },
    "node_modules/@grapecity/wijmo.grid.cellmaker": {
      "version": "5.20231.904",
      "resolved": "https://registry.npmjs.org/@grapecity/wijmo.grid.cellmaker/-/wijmo.grid.cellmaker-5.20231.904.tgz",
      "integrity": "sha512-D5c/VGlzNCGsSsU8tngjESOELluwGTObCuYfjNAvSVXLFqL+EI415InyQiygS6AAaBnASDRkkVpNEFrI31oByw==",
      "dependencies": {
        "@grapecity/wijmo": "5.20231.904",
        "@grapecity/wijmo.grid": "5.20231.904"
      }
    },
    "node_modules/@grapecity/wijmo.grid.detail": {
      "version": "5.20231.904",
      "resolved": "https://registry.npmjs.org/@grapecity/wijmo.grid.detail/-/wijmo.grid.detail-5.20231.904.tgz",
      "integrity": "sha512-sX0elvfsFvcB22Fta5BDDkUH2yagKcVKmjFG3JO1B7d/mtqicWdEfGmG3YH8Pvx71wyqd8Nwft2Po+ActJlfPQ==",
      "dependencies": {
        "@grapecity/wijmo": "5.20231.904",
        "@grapecity/wijmo.grid": "5.20231.904",
        "@grapecity/wijmo.input": "5.20231.904"
      }
    },
    "node_modules/@grapecity/wijmo.grid.filter": {
      "version": "5.20231.904",
      "resolved": "https://registry.npmjs.org/@grapecity/wijmo.grid.filter/-/wijmo.grid.filter-5.20231.904.tgz",
      "integrity": "sha512-h1ZLCMAS5BUxry2ySAwNNwuOSkGskESiza74k9OUHtVGeR4mPw0kjNhNPKeQyUGCxj8SR3SBdeECX+6ISzRQzQ==",
      "dependencies": {
        "@grapecity/wijmo": "5.20231.904",
        "@grapecity/wijmo.grid": "5.20231.904",
        "@grapecity/wijmo.input": "5.20231.904"
      }
    },
    "node_modules/@grapecity/wijmo.grid.grouppanel": {
      "version": "5.20231.904",
      "resolved": "https://registry.npmjs.org/@grapecity/wijmo.grid.grouppanel/-/wijmo.grid.grouppanel-5.20231.904.tgz",
      "integrity": "sha512-UG7F+11JzShCqlbZer6H023SImJ0h34xZP3Rvrez/C/5rLkT8dnEf9swMS/mWEptKhe0gUjGEE8WEsUF7sXdGQ==",
      "dependencies": {
        "@grapecity/wijmo": "5.20231.904",
        "@grapecity/wijmo.grid": "5.20231.904",
        "@grapecity/wijmo.grid.filter": "5.20231.904",
        "@grapecity/wijmo.input": "5.20231.904"
      }
    },
    "node_modules/@grapecity/wijmo.grid.immutable": {
      "version": "5.20231.904",
      "resolved": "https://registry.npmjs.org/@grapecity/wijmo.grid.immutable/-/wijmo.grid.immutable-5.20231.904.tgz",
      "integrity": "sha512-iY6Zka6ZsoaqnmB0gAxPxJXqfyH8kUyzXrjvem5DcM48jV9AfGvUfgqeDGgctCKkuO4LTRDIwfSMXT1mTLES8g==",
      "dependencies": {
        "@grapecity/wijmo": "5.20231.904",
        "@grapecity/wijmo.grid": "5.20231.904"
      }
    },
    "node_modules/@grapecity/wijmo.grid.multirow": {
      "version": "5.20231.904",
      "resolved": "https://registry.npmjs.org/@grapecity/wijmo.grid.multirow/-/wijmo.grid.multirow-5.20231.904.tgz",
      "integrity": "sha512-kE/oFhVLikitcZ0gjm4XWg3WH5++akW5yXNKmQMv2MTS9NMK2cFO0ZnIKfe/9QhlvZyflJCZNE9U7boN3MzCLg==",
      "dependencies": {
        "@grapecity/wijmo": "5.20231.904",
        "@grapecity/wijmo.grid": "5.20231.904",
        "@grapecity/wijmo.input": "5.20231.904"
      }
    },
    "node_modules/@grapecity/wijmo.grid.pdf": {
      "version": "5.20231.904",
      "resolved": "https://registry.npmjs.org/@grapecity/wijmo.grid.pdf/-/wijmo.grid.pdf-5.20231.904.tgz",
      "integrity": "sha512-e3GSWXq+q76/o68ekSRxlN4jqSzcxkCJt7VQN/eCMPDhTqEuw8qvOgDXMQx8ejMVVx09i2+je9jCTHr5Blpf3A==",
      "dependencies": {
        "@grapecity/wijmo": "5.20231.904",
        "@grapecity/wijmo.chart": "5.20231.904",
        "@grapecity/wijmo.grid": "5.20231.904",
        "@grapecity/wijmo.grid.detail": "5.20231.904",
        "@grapecity/wijmo.grid.filter": "5.20231.904",
        "@grapecity/wijmo.grid.multirow": "5.20231.904",
        "@grapecity/wijmo.grid.sheet": "5.20231.904",
        "@grapecity/wijmo.grid.transposed": "5.20231.904",
        "@grapecity/wijmo.grid.transposedmultirow": "5.20231.904",
        "@grapecity/wijmo.input": "5.20231.904",
        "@grapecity/wijmo.pdf": "5.20231.904",
        "@grapecity/wijmo.xlsx": "5.20231.904"
      }
    },
    "node_modules/@grapecity/wijmo.grid.search": {
      "version": "5.20231.904",
      "resolved": "https://registry.npmjs.org/@grapecity/wijmo.grid.search/-/wijmo.grid.search-5.20231.904.tgz",
      "integrity": "sha512-x89EpIn9U/fQTHm9OC+Yo8MZSvPvk0mhhjrNePtI3f2+sZPYJDZ+C89fqU58yZLdcjhJwYrYuXpRh7VF+j5TZQ==",
      "dependencies": {
        "@grapecity/wijmo": "5.20231.904",
        "@grapecity/wijmo.grid": "5.20231.904"
      }
    },
    "node_modules/@grapecity/wijmo.grid.selector": {
      "version": "5.20231.904",
      "resolved": "https://registry.npmjs.org/@grapecity/wijmo.grid.selector/-/wijmo.grid.selector-5.20231.904.tgz",
      "integrity": "sha512-dRBB5xkxhRTlRJMZ16IniiVq5/sJwoT66I2LiqfFCqaxTkNJJu9FstPa5ajgEd/L8rchy2yvPPHpVYaa25b41Q==",
      "dependencies": {
        "@grapecity/wijmo": "5.20231.904",
        "@grapecity/wijmo.grid": "5.20231.904"
      }
    },
    "node_modules/@grapecity/wijmo.grid.sheet": {
      "version": "5.20231.904",
      "resolved": "https://registry.npmjs.org/@grapecity/wijmo.grid.sheet/-/wijmo.grid.sheet-5.20231.904.tgz",
      "integrity": "sha512-V+diW0Nx7ZnzOL4WDj4hcZdycdoGmrpBJtwVXhvNvK55siuBk+pFQpK0AhFROzp1HI2JEHjYa16KA7ckWIS3QQ==",
      "dependencies": {
        "@grapecity/wijmo": "5.20231.904",
        "@grapecity/wijmo.grid": "5.20231.904",
        "@grapecity/wijmo.grid.filter": "5.20231.904",
        "@grapecity/wijmo.input": "5.20231.904"
      }
    },
    "node_modules/@grapecity/wijmo.grid.transposed": {
      "version": "5.20231.904",
      "resolved": "https://registry.npmjs.org/@grapecity/wijmo.grid.transposed/-/wijmo.grid.transposed-5.20231.904.tgz",
      "integrity": "sha512-1JLJ0BTZRhzknsoGkf6fqcxy7hphFYIWGYecNd7kByqOH9Xt/T/O37uqfImpht9kignkVGL7wfSds6FpfLW3EA==",
      "dependencies": {
        "@grapecity/wijmo": "5.20231.904",
        "@grapecity/wijmo.grid": "5.20231.904"
      }
    },
    "node_modules/@grapecity/wijmo.grid.transposedmultirow": {
      "version": "5.20231.904",
      "resolved": "https://registry.npmjs.org/@grapecity/wijmo.grid.transposedmultirow/-/wijmo.grid.transposedmultirow-5.20231.904.tgz",
      "integrity": "sha512-RjsR/I4t226NlWxYreTutXycyNCI+W40Fx11xcV5vmVyDKjSHuXPYkPPWZ3MxcfcJQx5xtkdG2bdtYkVT5cbmw==",
      "dependencies": {
        "@grapecity/wijmo": "5.20231.904",
        "@grapecity/wijmo.grid": "5.20231.904"
      }
    },
    "node_modules/@grapecity/wijmo.grid.xlsx": {
      "version": "5.20231.904",
      "resolved": "https://registry.npmjs.org/@grapecity/wijmo.grid.xlsx/-/wijmo.grid.xlsx-5.20231.904.tgz",
      "integrity": "sha512-0NlkMuDjjxQ+gRl0ijDl+JqyjsQtSKlynXdtE8NR/9FC9Qsm4HD1w8utc0Ntxn7yL27CLlgTghXOJKMkF6Be5A==",
      "dependencies": {
        "@grapecity/wijmo": "5.20231.904",
        "@grapecity/wijmo.grid": "5.20231.904",
        "@grapecity/wijmo.grid.detail": "5.20231.904",
        "@grapecity/wijmo.grid.multirow": "5.20231.904",
        "@grapecity/wijmo.input": "5.20231.904",
        "@grapecity/wijmo.xlsx": "5.20231.904"
      }
    },
    "node_modules/@grapecity/wijmo.input": {
      "version": "5.20231.904",
      "resolved": "https://registry.npmjs.org/@grapecity/wijmo.input/-/wijmo.input-5.20231.904.tgz",
      "integrity": "sha512-Us7m6AGqhX8bZN+WFyL/9uVpKc4kb1s7fQ+gLyjKPhY6YNp6XdoehA5CrZDkMf4yDxjt8xLioRd9VgU4ouLyAQ==",
      "dependencies": {
        "@grapecity/wijmo": "5.20231.904"
      }
    },
    "node_modules/@grapecity/wijmo.interop.grid": {
      "version": "5.20231.904",
      "resolved": "https://registry.npmjs.org/@grapecity/wijmo.interop.grid/-/wijmo.interop.grid-5.20231.904.tgz",
      "integrity": "sha512-yVZ+bBfV4NFCGi45DvISOC5DBCfHdIA7eMeNU0BoxWcMfXi4O7e2uWY/nXMe2EMAwmM72ac5l/6g/5SmgAf4uw==",
      "dependencies": {
        "@grapecity/wijmo": "5.20231.904",
        "@grapecity/wijmo.grid": "5.20231.904",
        "@grapecity/wijmo.grid.detail": "5.20231.904",
        "@grapecity/wijmo.input": "5.20231.904"
      }
    },
    "node_modules/@grapecity/wijmo.meta": {
      "version": "5.20231.904",
      "resolved": "https://registry.npmjs.org/@grapecity/wijmo.meta/-/wijmo.meta-5.20231.904.tgz",
      "integrity": "sha512-2xxdPRHGuq4Xb3RwaJ1dKozPp0qPzrpOOLa+n/0BSdaG0Ds+lhoRK/+KeLidkThaIYYNvStRmfXjkLzpR1N+RA==",
      "dependencies": {
        "@grapecity/wijmo": "5.20231.904",
        "@grapecity/wijmo.barcode": "5.20231.904",
        "@grapecity/wijmo.barcode.common": "5.20231.904",
        "@grapecity/wijmo.barcode.composite": "5.20231.904",
        "@grapecity/wijmo.barcode.specialized": "5.20231.904",
        "@grapecity/wijmo.chart": "5.20231.904",
        "@grapecity/wijmo.chart.analytics": "5.20231.904",
        "@grapecity/wijmo.chart.animation": "5.20231.904",
        "@grapecity/wijmo.chart.annotation": "5.20231.904",
        "@grapecity/wijmo.chart.finance": "5.20231.904",
        "@grapecity/wijmo.chart.finance.analytics": "5.20231.904",
        "@grapecity/wijmo.chart.hierarchical": "5.20231.904",
        "@grapecity/wijmo.chart.interaction": "5.20231.904",
        "@grapecity/wijmo.chart.map": "5.20231.904",
        "@grapecity/wijmo.chart.radar": "5.20231.904",
        "@grapecity/wijmo.chart.render": "5.20231.904",
        "@grapecity/wijmo.gauge": "5.20231.904",
        "@grapecity/wijmo.grid": "5.20231.904",
        "@grapecity/wijmo.grid.detail": "5.20231.904",
        "@grapecity/wijmo.grid.filter": "5.20231.904",
        "@grapecity/wijmo.grid.grouppanel": "5.20231.904",
        "@grapecity/wijmo.grid.multirow": "5.20231.904",
        "@grapecity/wijmo.grid.pdf": "5.20231.904",
        "@grapecity/wijmo.grid.search": "5.20231.904",
        "@grapecity/wijmo.grid.selector": "5.20231.904",
        "@grapecity/wijmo.grid.sheet": "5.20231.904",
        "@grapecity/wijmo.grid.transposed": "5.20231.904",
        "@grapecity/wijmo.grid.transposedmultirow": "5.20231.904",
        "@grapecity/wijmo.grid.xlsx": "5.20231.904",
        "@grapecity/wijmo.input": "5.20231.904",
        "@grapecity/wijmo.nav": "5.20231.904",
        "@grapecity/wijmo.odata": "5.20231.904",
        "@grapecity/wijmo.olap": "5.20231.904",
        "@grapecity/wijmo.pdf": "5.20231.904",
        "@grapecity/wijmo.viewer": "5.20231.904",
        "@grapecity/wijmo.xlsx": "5.20231.904"
      }
    },
    "node_modules/@grapecity/wijmo.nav": {
      "version": "5.20231.904",
      "resolved": "https://registry.npmjs.org/@grapecity/wijmo.nav/-/wijmo.nav-5.20231.904.tgz",
      "integrity": "sha512-PfDdRA6SLqugXc3+scErCdGKrdEIGDS8nzyFvM0uVT2ykqSc74TLk4jVOOrsLtYUWeL2rJ6AVakJ2aC4ohIbFA==",
      "dependencies": {
        "@grapecity/wijmo": "5.20231.904"
      }
    },
    "node_modules/@grapecity/wijmo.odata": {
      "version": "5.20231.904",
      "resolved": "https://registry.npmjs.org/@grapecity/wijmo.odata/-/wijmo.odata-5.20231.904.tgz",
      "integrity": "sha512-ucA4sjASRILdG3kB8WyLPMMJkSPUzGSTvzj2GT8LqjA1oYlRdVrb6pOo4zwpbierb5/hyEfNZenAnnPxKCFvIQ==",
      "dependencies": {
        "@grapecity/wijmo": "5.20231.904",
        "@grapecity/wijmo.grid": "5.20231.904",
        "@grapecity/wijmo.grid.filter": "5.20231.904",
        "@grapecity/wijmo.input": "5.20231.904"
      }
    },
    "node_modules/@grapecity/wijmo.olap": {
      "version": "5.20231.904",
      "resolved": "https://registry.npmjs.org/@grapecity/wijmo.olap/-/wijmo.olap-5.20231.904.tgz",
      "integrity": "sha512-KlPbN+LxMoMPWGEvofK7osLI3JP9dTmH3iG7TKci0hMzUTLKtbVAAQnWprcILx4GBOTPGZOpSmCfeJN8qP7qsw==",
      "dependencies": {
        "@grapecity/wijmo": "5.20231.904",
        "@grapecity/wijmo.chart": "5.20231.904",
        "@grapecity/wijmo.grid": "5.20231.904",
        "@grapecity/wijmo.grid.filter": "5.20231.904",
        "@grapecity/wijmo.input": "5.20231.904"
      }
    },
    "node_modules/@grapecity/wijmo.pdf": {
      "version": "5.20231.904",
      "resolved": "https://registry.npmjs.org/@grapecity/wijmo.pdf/-/wijmo.pdf-5.20231.904.tgz",
      "integrity": "sha512-spKkxR3re/IS6PJG5+S98LEWkQiwv7LMYgziCBPSrOFaByzfBtX+a8exU2+3Wfpjd4/HlD79y45ivc5+8QP5Uw==",
      "dependencies": {
        "@grapecity/wijmo": "5.20231.904"
      }
    },
    "node_modules/@grapecity/wijmo.pdf.security": {
      "version": "5.20231.904",
      "resolved": "https://registry.npmjs.org/@grapecity/wijmo.pdf.security/-/wijmo.pdf.security-5.20231.904.tgz",
      "integrity": "sha512-bXbME2RvLR6lk8WpOK2qXyiK5dbhxehgwdmZE52kGZ5E79gMU0AqynWqVBgeOpO9KDqBy6c6Y0WE6YC/o7u6Aw==",
      "dependencies": {
        "@grapecity/wijmo": "5.20231.904"
      }
    },
    "node_modules/@grapecity/wijmo.purejs.all": {
      "version": "5.20231.904",
      "resolved": "https://registry.npmjs.org/@grapecity/wijmo.purejs.all/-/wijmo.purejs.all-5.20231.904.tgz",
      "integrity": "sha512-WRFRtbi+GMXQwsR6qXCw9xeiO+H81Kp0/vvNy1Vtbj0vTL7quTtG5jrwpoGpUEFCSGizd4q6tbzXe/vxiMDxNw==",
      "dependencies": {
        "@grapecity/wijmo": "5.20231.904",
        "@grapecity/wijmo.barcode": "5.20231.904",
        "@grapecity/wijmo.barcode.common": "5.20231.904",
        "@grapecity/wijmo.barcode.composite": "5.20231.904",
        "@grapecity/wijmo.barcode.specialized": "5.20231.904",
        "@grapecity/wijmo.chart": "5.20231.904",
        "@grapecity/wijmo.chart.analytics": "5.20231.904",
        "@grapecity/wijmo.chart.animation": "5.20231.904",
        "@grapecity/wijmo.chart.annotation": "5.20231.904",
        "@grapecity/wijmo.chart.finance": "5.20231.904",
        "@grapecity/wijmo.chart.finance.analytics": "5.20231.904",
        "@grapecity/wijmo.chart.hierarchical": "5.20231.904",
        "@grapecity/wijmo.chart.interaction": "5.20231.904",
        "@grapecity/wijmo.chart.map": "5.20231.904",
        "@grapecity/wijmo.chart.radar": "5.20231.904",
        "@grapecity/wijmo.chart.render": "5.20231.904",
        "@grapecity/wijmo.chart.webgl": "5.20231.904",
        "@grapecity/wijmo.cloud": "5.20231.904",
        "@grapecity/wijmo.cultures": "5.20231.904",
        "@grapecity/wijmo.gauge": "5.20231.904",
        "@grapecity/wijmo.grid": "5.20231.904",
        "@grapecity/wijmo.grid.cellmaker": "5.20231.904",
        "@grapecity/wijmo.grid.detail": "5.20231.904",
        "@grapecity/wijmo.grid.filter": "5.20231.904",
        "@grapecity/wijmo.grid.grouppanel": "5.20231.904",
        "@grapecity/wijmo.grid.immutable": "5.20231.904",
        "@grapecity/wijmo.grid.multirow": "5.20231.904",
        "@grapecity/wijmo.grid.pdf": "5.20231.904",
        "@grapecity/wijmo.grid.search": "5.20231.904",
        "@grapecity/wijmo.grid.selector": "5.20231.904",
        "@grapecity/wijmo.grid.sheet": "5.20231.904",
        "@grapecity/wijmo.grid.transposed": "5.20231.904",
        "@grapecity/wijmo.grid.transposedmultirow": "5.20231.904",
        "@grapecity/wijmo.grid.xlsx": "5.20231.904",
        "@grapecity/wijmo.input": "5.20231.904",
        "@grapecity/wijmo.interop.grid": "5.20231.904",
        "@grapecity/wijmo.meta": "5.20231.904",
        "@grapecity/wijmo.nav": "5.20231.904",
        "@grapecity/wijmo.odata": "5.20231.904",
        "@grapecity/wijmo.olap": "5.20231.904",
        "@grapecity/wijmo.pdf": "5.20231.904",
        "@grapecity/wijmo.pdf.security": "5.20231.904",
        "@grapecity/wijmo.rest": "5.20231.904",
        "@grapecity/wijmo.styles": "5.20231.904",
        "@grapecity/wijmo.touch": "5.20231.904",
        "@grapecity/wijmo.undo": "5.20231.904",
        "@grapecity/wijmo.viewer": "5.20231.904",
        "@grapecity/wijmo.xlsx": "5.20231.904"
      }
    },
    "node_modules/@grapecity/wijmo.rest": {
      "version": "5.20231.904",
      "resolved": "https://registry.npmjs.org/@grapecity/wijmo.rest/-/wijmo.rest-5.20231.904.tgz",
      "integrity": "sha512-Qzx5u19FAjQ0E/rDPNt/3V8VuJk207s6Lu0mmFvFemwVubjAEXvbMfU7dywW3tk4ZDl98lIkevbVBdfwhMQp2Q==",
      "dependencies": {
        "@grapecity/wijmo": "5.20231.904"
      }
    },
    "node_modules/@grapecity/wijmo.styles": {
      "version": "5.20231.904",
      "resolved": "https://registry.npmjs.org/@grapecity/wijmo.styles/-/wijmo.styles-5.20231.904.tgz",
      "integrity": "sha512-u9A18FqZNLvkVQcYvUTBG+qSRIRzT4l3IqK15+hd0lsM1yeIrOOrjrAL9O6EGr2gqQ/j0VqdIm4zuMmdtJTicw=="
    },
    "node_modules/@grapecity/wijmo.touch": {
      "version": "5.20231.904",
      "resolved": "https://registry.npmjs.org/@grapecity/wijmo.touch/-/wijmo.touch-5.20231.904.tgz",
      "integrity": "sha512-HysFSqOkOSwB4svFj/pI0YNlMv2cZIpBL3MHYvxWwWxNhx1H5G8OlviU9hTPWHCxiSV65Hhqs/7fLwstzqSTEQ==",
      "dependencies": {
        "@grapecity/wijmo": "5.20231.904"
      }
    },
    "node_modules/@grapecity/wijmo.undo": {
      "version": "5.20231.904",
      "resolved": "https://registry.npmjs.org/@grapecity/wijmo.undo/-/wijmo.undo-5.20231.904.tgz",
      "integrity": "sha512-3yDKCmVdwoWe7QS03LN54cnE9WW20YjBecUj7igJQcrWNxZCzLKlAlmT72cRUi4pe/6uZMWbYtkHg9gMdnB1Rg==",
      "dependencies": {
        "@grapecity/wijmo": "5.20231.904",
        "@grapecity/wijmo.gauge": "5.20231.904",
        "@grapecity/wijmo.grid": "5.20231.904",
        "@grapecity/wijmo.input": "5.20231.904",
        "@grapecity/wijmo.nav": "5.20231.904"
      }
    },
    "node_modules/@grapecity/wijmo.viewer": {
      "version": "5.20231.904",
      "resolved": "https://registry.npmjs.org/@grapecity/wijmo.viewer/-/wijmo.viewer-5.20231.904.tgz",
      "integrity": "sha512-cJN6G2BgP0rTmQqpMSF2bdhAKnGM5QvCRuIzi4UGCvcY/zehjJ2aYHgo0sfIoERsI5QW3GDxKcJCOk7IRB2aRw==",
      "dependencies": {
        "@grapecity/wijmo": "5.20231.904",
        "@grapecity/wijmo.grid": "5.20231.904",
        "@grapecity/wijmo.input": "5.20231.904"
      }
    },
    "node_modules/@grapecity/wijmo.xlsx": {
      "version": "5.20231.904",
      "resolved": "https://registry.npmjs.org/@grapecity/wijmo.xlsx/-/wijmo.xlsx-5.20231.904.tgz",
      "integrity": "sha512-Jf7JcYXYVF+DxhXjX6T3Bw9/gOy5dLy8T+5n/94lns52+goxaYlTKanYFWucWNUetuP2DDdqW8PRj03+fsm1gQ==",
      "dependencies": {
        "@grapecity/wijmo": "5.20231.904"
      }
    },
    "node_modules/@rollup/rollup-android-arm-eabi": {
      "version": "4.9.1",
      "resolved": "https://registry.npmjs.org/@rollup/rollup-android-arm-eabi/-/rollup-android-arm-eabi-4.9.1.tgz",
      "integrity": "sha512-6vMdBZqtq1dVQ4CWdhFwhKZL6E4L1dV6jUjuBvsavvNJSppzi6dLBbuV+3+IyUREaj9ZFvQefnQm28v4OCXlig==",
      "cpu": [
        "arm"
      ],
      "dev": true,
      "optional": true,
      "os": [
        "android"
      ]
    },
    "node_modules/@rollup/rollup-android-arm64": {
      "version": "4.9.1",
      "resolved": "https://registry.npmjs.org/@rollup/rollup-android-arm64/-/rollup-android-arm64-4.9.1.tgz",
      "integrity": "sha512-Jto9Fl3YQ9OLsTDWtLFPtaIMSL2kwGyGoVCmPC8Gxvym9TCZm4Sie+cVeblPO66YZsYH8MhBKDMGZ2NDxuk/XQ==",
      "cpu": [
        "arm64"
      ],
      "dev": true,
      "optional": true,
      "os": [
        "android"
      ]
    },
    "node_modules/@rollup/rollup-darwin-arm64": {
      "version": "4.9.1",
      "resolved": "https://registry.npmjs.org/@rollup/rollup-darwin-arm64/-/rollup-darwin-arm64-4.9.1.tgz",
      "integrity": "sha512-LtYcLNM+bhsaKAIGwVkh5IOWhaZhjTfNOkGzGqdHvhiCUVuJDalvDxEdSnhFzAn+g23wgsycmZk1vbnaibZwwA==",
      "cpu": [
        "arm64"
      ],
      "dev": true,
      "optional": true,
      "os": [
        "darwin"
      ]
    },
    "node_modules/@rollup/rollup-darwin-x64": {
      "version": "4.9.1",
      "resolved": "https://registry.npmjs.org/@rollup/rollup-darwin-x64/-/rollup-darwin-x64-4.9.1.tgz",
      "integrity": "sha512-KyP/byeXu9V+etKO6Lw3E4tW4QdcnzDG/ake031mg42lob5tN+5qfr+lkcT/SGZaH2PdW4Z1NX9GHEkZ8xV7og==",
      "cpu": [
        "x64"
      ],
      "dev": true,
      "optional": true,
      "os": [
        "darwin"
      ]
    },
    "node_modules/@rollup/rollup-linux-arm-gnueabihf": {
      "version": "4.9.1",
      "resolved": "https://registry.npmjs.org/@rollup/rollup-linux-arm-gnueabihf/-/rollup-linux-arm-gnueabihf-4.9.1.tgz",
      "integrity": "sha512-Yqz/Doumf3QTKplwGNrCHe/B2p9xqDghBZSlAY0/hU6ikuDVQuOUIpDP/YcmoT+447tsZTmirmjgG3znvSCR0Q==",
      "cpu": [
        "arm"
      ],
      "dev": true,
      "optional": true,
      "os": [
        "linux"
      ]
    },
    "node_modules/@rollup/rollup-linux-arm64-gnu": {
      "version": "4.9.1",
      "resolved": "https://registry.npmjs.org/@rollup/rollup-linux-arm64-gnu/-/rollup-linux-arm64-gnu-4.9.1.tgz",
      "integrity": "sha512-u3XkZVvxcvlAOlQJ3UsD1rFvLWqu4Ef/Ggl40WAVCuogf4S1nJPHh5RTgqYFpCOvuGJ7H5yGHabjFKEZGExk5Q==",
      "cpu": [
        "arm64"
      ],
      "dev": true,
      "optional": true,
      "os": [
        "linux"
      ]
    },
    "node_modules/@rollup/rollup-linux-arm64-musl": {
      "version": "4.9.1",
      "resolved": "https://registry.npmjs.org/@rollup/rollup-linux-arm64-musl/-/rollup-linux-arm64-musl-4.9.1.tgz",
      "integrity": "sha512-0XSYN/rfWShW+i+qjZ0phc6vZ7UWI8XWNz4E/l+6edFt+FxoEghrJHjX1EY/kcUGCnZzYYRCl31SNdfOi450Aw==",
      "cpu": [
        "arm64"
      ],
      "dev": true,
      "optional": true,
      "os": [
        "linux"
      ]
    },
    "node_modules/@rollup/rollup-linux-riscv64-gnu": {
      "version": "4.9.1",
      "resolved": "https://registry.npmjs.org/@rollup/rollup-linux-riscv64-gnu/-/rollup-linux-riscv64-gnu-4.9.1.tgz",
      "integrity": "sha512-LmYIO65oZVfFt9t6cpYkbC4d5lKHLYv5B4CSHRpnANq0VZUQXGcCPXHzbCXCz4RQnx7jvlYB1ISVNCE/omz5cw==",
      "cpu": [
        "riscv64"
      ],
      "dev": true,
      "optional": true,
      "os": [
        "linux"
      ]
    },
    "node_modules/@rollup/rollup-linux-x64-gnu": {
      "version": "4.9.1",
      "resolved": "https://registry.npmjs.org/@rollup/rollup-linux-x64-gnu/-/rollup-linux-x64-gnu-4.9.1.tgz",
      "integrity": "sha512-kr8rEPQ6ns/Lmr/hiw8sEVj9aa07gh1/tQF2Y5HrNCCEPiCBGnBUt9tVusrcBBiJfIt1yNaXN6r1CCmpbFEDpg==",
      "cpu": [
        "x64"
      ],
      "dev": true,
      "optional": true,
      "os": [
        "linux"
      ]
    },
    "node_modules/@rollup/rollup-linux-x64-musl": {
      "version": "4.9.1",
      "resolved": "https://registry.npmjs.org/@rollup/rollup-linux-x64-musl/-/rollup-linux-x64-musl-4.9.1.tgz",
      "integrity": "sha512-t4QSR7gN+OEZLG0MiCgPqMWZGwmeHhsM4AkegJ0Kiy6TnJ9vZ8dEIwHw1LcZKhbHxTY32hp9eVCMdR3/I8MGRw==",
      "cpu": [
        "x64"
      ],
      "dev": true,
      "optional": true,
      "os": [
        "linux"
      ]
    },
    "node_modules/@rollup/rollup-win32-arm64-msvc": {
      "version": "4.9.1",
      "resolved": "https://registry.npmjs.org/@rollup/rollup-win32-arm64-msvc/-/rollup-win32-arm64-msvc-4.9.1.tgz",
      "integrity": "sha512-7XI4ZCBN34cb+BH557FJPmh0kmNz2c25SCQeT9OiFWEgf8+dL6ZwJ8f9RnUIit+j01u07Yvrsuu1rZGxJCc51g==",
      "cpu": [
        "arm64"
      ],
      "dev": true,
      "optional": true,
      "os": [
        "win32"
      ]
    },
    "node_modules/@rollup/rollup-win32-ia32-msvc": {
      "version": "4.9.1",
      "resolved": "https://registry.npmjs.org/@rollup/rollup-win32-ia32-msvc/-/rollup-win32-ia32-msvc-4.9.1.tgz",
      "integrity": "sha512-yE5c2j1lSWOH5jp+Q0qNL3Mdhr8WuqCNVjc6BxbVfS5cAS6zRmdiw7ktb8GNpDCEUJphILY6KACoFoRtKoqNQg==",
      "cpu": [
        "ia32"
      ],
      "dev": true,
      "optional": true,
      "os": [
        "win32"
      ]
    },
    "node_modules/@rollup/rollup-win32-x64-msvc": {
      "version": "4.9.1",
      "resolved": "https://registry.npmjs.org/@rollup/rollup-win32-x64-msvc/-/rollup-win32-x64-msvc-4.9.1.tgz",
      "integrity": "sha512-PyJsSsafjmIhVgaI1Zdj7m8BB8mMckFah/xbpplObyHfiXzKcI5UOUXRyOdHW7nz4DpMCuzLnF7v5IWHenCwYA==",
      "cpu": [
        "x64"
      ],
      "dev": true,
      "optional": true,
      "os": [
        "win32"
      ]
    },
    "node_modules/esbuild": {
      "version": "0.19.9",
      "resolved": "https://registry.npmjs.org/esbuild/-/esbuild-0.19.9.tgz",
      "integrity": "sha512-U9CHtKSy+EpPsEBa+/A2gMs/h3ylBC0H0KSqIg7tpztHerLi6nrrcoUJAkNCEPumx8yJ+Byic4BVwHgRbN0TBg==",
      "dev": true,
      "hasInstallScript": true,
      "bin": {
        "esbuild": "bin/esbuild"
      },
      "engines": {
        "node": ">=12"
      },
      "optionalDependencies": {
        "@esbuild/android-arm": "0.19.9",
        "@esbuild/android-arm64": "0.19.9",
        "@esbuild/android-x64": "0.19.9",
        "@esbuild/darwin-arm64": "0.19.9",
        "@esbuild/darwin-x64": "0.19.9",
        "@esbuild/freebsd-arm64": "0.19.9",
        "@esbuild/freebsd-x64": "0.19.9",
        "@esbuild/linux-arm": "0.19.9",
        "@esbuild/linux-arm64": "0.19.9",
        "@esbuild/linux-ia32": "0.19.9",
        "@esbuild/linux-loong64": "0.19.9",
        "@esbuild/linux-mips64el": "0.19.9",
        "@esbuild/linux-ppc64": "0.19.9",
        "@esbuild/linux-riscv64": "0.19.9",
        "@esbuild/linux-s390x": "0.19.9",
        "@esbuild/linux-x64": "0.19.9",
        "@esbuild/netbsd-x64": "0.19.9",
        "@esbuild/openbsd-x64": "0.19.9",
        "@esbuild/sunos-x64": "0.19.9",
        "@esbuild/win32-arm64": "0.19.9",
        "@esbuild/win32-ia32": "0.19.9",
        "@esbuild/win32-x64": "0.19.9"
      }
    },
    "node_modules/fsevents": {
      "version": "2.3.3",
      "resolved": "https://registry.npmjs.org/fsevents/-/fsevents-2.3.3.tgz",
      "integrity": "sha512-5xoDfX+fL7faATnagmWPpbFtwh/R77WmMMqqHGS65C3vvB0YHrgF+B1YmZ3441tMj5n63k0212XNoJwzlhffQw==",
      "dev": true,
      "hasInstallScript": true,
      "optional": true,
      "os": [
        "darwin"
      ],
      "engines": {
        "node": "^8.16.0 || ^10.6.0 || >=11.0.0"
      }
    },
    "node_modules/nanoid": {
      "version": "3.3.7",
      "resolved": "https://registry.npmjs.org/nanoid/-/nanoid-3.3.7.tgz",
      "integrity": "sha512-eSRppjcPIatRIMC1U6UngP8XFcz8MQWGQdt1MTBQ7NaAmvXDfvNxbvWV3x2y6CdEUciCSsDHDQZbhYaB8QEo2g==",
      "dev": true,
      "funding": [
        {
          "type": "github",
          "url": "https://github.com/sponsors/ai"
        }
      ],
      "bin": {
        "nanoid": "bin/nanoid.cjs"
      },
      "engines": {
        "node": "^10 || ^12 || ^13.7 || ^14 || >=15.0.1"
      }
    },
    "node_modules/picocolors": {
      "version": "1.0.0",
      "resolved": "https://registry.npmjs.org/picocolors/-/picocolors-1.0.0.tgz",
      "integrity": "sha512-1fygroTLlHu66zi26VoTDv8yRgm0Fccecssto+MhsZ0D/DGW2sm8E8AjW7NU5VVTRt5GxbeZ5qBuJr+HyLYkjQ==",
      "dev": true
    },
    "node_modules/postcss": {
      "version": "8.4.32",
      "resolved": "https://registry.npmjs.org/postcss/-/postcss-8.4.32.tgz",
      "integrity": "sha512-D/kj5JNu6oo2EIy+XL/26JEDTlIbB8hw85G8StOE6L74RQAVVP5rej6wxCNqyMbR4RkPfqvezVbPw81Ngd6Kcw==",
      "dev": true,
      "funding": [
        {
          "type": "opencollective",
          "url": "https://opencollective.com/postcss/"
        },
        {
          "type": "tidelift",
          "url": "https://tidelift.com/funding/github/npm/postcss"
        },
        {
          "type": "github",
          "url": "https://github.com/sponsors/ai"
        }
      ],
      "dependencies": {
        "nanoid": "^3.3.7",
        "picocolors": "^1.0.0",
        "source-map-js": "^1.0.2"
      },
      "engines": {
        "node": "^10 || ^12 || >=14"
      }
    },
    "node_modules/rollup": {
      "version": "4.9.1",
      "resolved": "https://registry.npmjs.org/rollup/-/rollup-4.9.1.tgz",
      "integrity": "sha512-pgPO9DWzLoW/vIhlSoDByCzcpX92bKEorbgXuZrqxByte3JFk2xSW2JEeAcyLc9Ru9pqcNNW+Ob7ntsk2oT/Xw==",
      "dev": true,
      "bin": {
        "rollup": "dist/bin/rollup"
      },
      "engines": {
        "node": ">=18.0.0",
        "npm": ">=8.0.0"
      },
      "optionalDependencies": {
        "@rollup/rollup-android-arm-eabi": "4.9.1",
        "@rollup/rollup-android-arm64": "4.9.1",
        "@rollup/rollup-darwin-arm64": "4.9.1",
        "@rollup/rollup-darwin-x64": "4.9.1",
        "@rollup/rollup-linux-arm-gnueabihf": "4.9.1",
        "@rollup/rollup-linux-arm64-gnu": "4.9.1",
        "@rollup/rollup-linux-arm64-musl": "4.9.1",
        "@rollup/rollup-linux-riscv64-gnu": "4.9.1",
        "@rollup/rollup-linux-x64-gnu": "4.9.1",
        "@rollup/rollup-linux-x64-musl": "4.9.1",
        "@rollup/rollup-win32-arm64-msvc": "4.9.1",
        "@rollup/rollup-win32-ia32-msvc": "4.9.1",
        "@rollup/rollup-win32-x64-msvc": "4.9.1",
        "fsevents": "~2.3.2"
      }
    },
    "node_modules/source-map-js": {
      "version": "1.0.2",
      "resolved": "https://registry.npmjs.org/source-map-js/-/source-map-js-1.0.2.tgz",
      "integrity": "sha512-R0XvVJ9WusLiqTCEiGCmICCMplcCkIwwR11mOSD9CR5u+IXYdiseeEuXCVAjS54zqwkLcPNnmU4OeJ6tUrWhDw==",
      "dev": true,
      "engines": {
        "node": ">=0.10.0"
      }
    },
    "node_modules/typescript": {
      "version": "5.3.3",
      "resolved": "https://registry.npmjs.org/typescript/-/typescript-5.3.3.tgz",
      "integrity": "sha512-pXWcraxM0uxAS+tN0AG/BF2TyqmHO014Z070UsJ+pFvYuRSq8KH8DmWpnbXe0pEPDHXZV3FcAbJkijJ5oNEnWw==",
      "dev": true,
      "bin": {
        "tsc": "bin/tsc",
        "tsserver": "bin/tsserver"
      },
      "engines": {
        "node": ">=14.17"
      }
    },
    "node_modules/vite": {
      "version": "5.0.10",
      "resolved": "https://registry.npmjs.org/vite/-/vite-5.0.10.tgz",
      "integrity": "sha512-2P8J7WWgmc355HUMlFrwofacvr98DAjoE52BfdbwQtyLH06XKwaL/FMnmKM2crF0iX4MpmMKoDlNCB1ok7zHCw==",
      "dev": true,
      "dependencies": {
        "esbuild": "^0.19.3",
        "postcss": "^8.4.32",
        "rollup": "^4.2.0"
      },
      "bin": {
        "vite": "bin/vite.js"
      },
      "engines": {
        "node": "^18.0.0 || >=20.0.0"
      },
      "funding": {
        "url": "https://github.com/vitejs/vite?sponsor=1"
      },
      "optionalDependencies": {
        "fsevents": "~2.3.3"
      },
      "peerDependencies": {
        "@types/node": "^18.0.0 || >=20.0.0",
        "less": "*",
        "lightningcss": "^1.21.0",
        "sass": "*",
        "stylus": "*",
        "sugarss": "*",
        "terser": "^5.4.0"
      },
      "peerDependenciesMeta": {
        "@types/node": {
          "optional": true
        },
        "less": {
          "optional": true
        },
        "lightningcss": {
          "optional": true
        },
        "sass": {
          "optional": true
        },
        "stylus": {
          "optional": true
        },
        "sugarss": {
          "optional": true
        },
        "terser": {
          "optional": true
        }
      }
    }
  }
}
